# Generated by pub
# See http://pub.dartlang.org/doc/glossary.html#lockfile
packages:
  analyzer_experimental:
    description: analyzer_experimental
    source: hosted
    version: "0.8.6"
  args:
    description: args
    source: hosted
    version: "0.10.0"
  browser:
    description: browser
    source: hosted
    version: "0.9.0"
  browser_detect:
    description:
      ref: null
      resolved-ref: c77d391ca59636ec7cc425685fa42354e78ce75a
      url: "git@github.com:danschultz/browser_detect.dart.git"
    source: git
    version: "1.0.0"
  caml:
    description:
      ref: null
      resolved-ref: "87a204be3f07fb209a7900fcbc5e3c56787c39f2"
      url: "git@github.com:Mixbook/caml.dart.git"
    source: git
    version: "0.12.0+1"
  collection_helpers:
    description: collection_helpers
    source: hosted
    version: "0.9.1"
  config:
    description:
      ref: null
      resolved-ref: "16d37229c86936f82b33277da3c68c8cb2496413"
      url: "git@github.com:Mixbook/config.dart.git"
    source: git
    version: "0.2.3"
  csslib:
    description: csslib
    source: hosted
    version: "0.4.7+11"
  custom_element:
    description: custom_element
    source: hosted
    version: "0.9.1+1"
  drag_drop:
    description:
      ref: null
      resolved-ref: "541261c361ad999804937992e22fac441c8a4ebd"
      url: "git@github.com:danschultz/drag-drop.dart.git"
    source: git
    version: "1.1.0"
  geometry:
    description: geometry
    source: hosted
    version: "0.2.4"
  html5lib:
    description: html5lib
    source: hosted
    version: "0.8.9"
  js:
    description: js
    source: hosted
    version: "0.2.1"
  logging:
    description: logging
    source: hosted
    version: "0.9.1"
  meta:
    description: meta
    source: hosted
    version: "0.8.8"
  mutation_observer:
    description: mutation_observer
    source: hosted
    version: "0.9.0"
  path:
    description: path
    source: hosted
    version: "1.0.0"
  restful:
    description:
      ref: null
      resolved-ref: fd6f03e0c12c247e70f6f4a8f8e0d955236b05dd
      url: "git@github.com:Mixbook/restful.dart.git"
    source: git
    version: "0.2.0"
  source_maps:
    description: source_maps
    source: hosted
    version: "0.9.0"
  stack_trace:
    description: stack_trace
    source: hosted
    version: "0.9.1"
  taco_api:
    description:
      ref: null
      resolved-ref: "532be2502efb507539209f18d8f607dcc992f5c2"
      url: "git@github.com:Mixbook/taco_api.dart.git"
    source: git
    version: "0.12.1+1"
  taco_helpers:
    description:
      ref: null
      resolved-ref: a66fc908531efe55e3647e37d1fa4bf27c4e84c3
      url: "git@github.com:Mixbook/taco_helpers.dart.git"
    source: git
    version: "0.4.0"
  unittest:
    description: unittest
    source: hosted
    version: "0.9.1"
  unmodifiable_collection:
    description: unmodifiable_collection
    source: hosted
    version: "0.6.21+3"
  utf:
    description: utf
    source: hosted
    version: "0.9.0"
  web_ui:
    description: web_ui
    source: hosted
    version: "0.4.28"
  xml:
    description:
      ref: null
      resolved-ref: "94115738d981f47cf7eb0094d350514210901de9"
      url: "git@github.com:Mixbook/dart-xml.git"
    source: git
    version: "0.9.3+2"
