# Generated by pub
# See http://pub.dartlang.org/doc/glossary.html#lockfile
packages:
  analyzer_experimental:
    description: analyzer_experimental
    source: hosted
    version: "0.5.20"
  args:
    description: args
    source: hosted
    version: "0.5.20"
  async:
    description: async
    source: hosted
    version: "0.1.7+201306072346"
  browser:
    description: browser
    source: hosted
    version: "0.5.20"
  caml:
    description:
      ref: null
      resolved-ref: "1e2dccbbccd98212c8c411179af7ed05a19dd4c6"
      url: "git@github.com:Mixbook/caml.dart.git"
    source: git
    version: "0.3.0"
  config:
    description:
      ref: null
      resolved-ref: fd87b387e1150bc97c8dfc5d79d0103086d9998b
      url: "git@github.com:ajlai/config.dart.git"
    source: git
    version: "0.1.0"
  crypto:
    description: crypto
    source: hosted
    version: "0.5.20"
  css_animation:
    description: css_animation
    source: hosted
    version: "0.1.5"
  csslib:
    description: csslib
    source: hosted
    version: "0.4.7+6"
  dartmixins:
    description: dartmixins
    source: hosted
    version: "0.0.3"
  geometry:
    description:
      ref: null
      resolved-ref: df5b0021a80eb5257c88e476c26d512cc3acd60d
      url: "git@github.com:danschultz/geometry.dart.git"
    source: git
    version: "0.1.1"
  html5lib:
    description: html5lib
    source: hosted
    version: "0.4.3"
  js:
    description: js
    source: hosted
    version: "0.0.22"
  logging:
    description: logging
    source: hosted
    version: "0.5.20"
  meta:
    description: meta
    source: hosted
    version: "0.5.20"
  model:
    description:
      ref: master
      resolved-ref: ddd3abf96cda8fab9009e8c31eb91024fa58ec43
      url: "git@github.com:Mixbook/model.dart.git"
    source: git
    version: "0.0.0"
  pathos:
    description: pathos
    source: hosted
    version: "0.5.20"
  route:
    description:
      ref: fix-documentation-error
      resolved-ref: "23082ed636b3d1eb7ff16c261945303794bf6381"
      url: "git@github.com:danschultz/route.git"
    source: git
    version: "0.4.5"
  source_maps:
    description: source_maps
    source: hosted
    version: "0.5.20"
  taco_api:
    description:
      ref: null
      resolved-ref: "0d5e549176e299cc626494ca0f206ed45bc940d5"
      url: "git@github.com:Mixbook/taco_api.dart.git"
    source: git
    version: "0.1.0"
  taco_client:
    description:
      ref: null
      resolved-ref: "25830b4e1b7d0eea7416ea621d10a6bfcc531f62"
      url: "git@github.com:ajlai/taco_client.git"
    source: git
    version: "0.0.0"
  unittest:
    description: unittest
    source: hosted
    version: "0.5.20"
  uuid:
    description: uuid
    source: hosted
    version: "0.1.6"
  web_ui:
    description: web_ui
    source: hosted
    version: "0.4.12"
  xml:
    description:
      ref: fixes
      resolved-ref: "15c743d585b330bb794eea86131d16d04fde8a40"
      url: "git@github.com:danschultz/dart-xml.git"
    source: git
    version: "0.9.3+2"
